// !$*UTF8*$!
{
	archiveVersion = 1;
	classes = {
	};
	objectVersion = 46;
	objects = {

/* Begin PBXBuildFile section */
		D50348101C9AA31900461D88 /* main.m in Sources */ = {isa = PBXBuildFile; fileRef = D503480F1C9AA31900461D88 /* main.m */; };
		D50348131C9AA31900461D88 /* AppDelegate.m in Sources */ = {isa = PBXBuildFile; fileRef = D50348121C9AA31900461D88 /* AppDelegate.m */; };
		D50348161C9AA31900461D88 /* ViewController.m in Sources */ = {isa = PBXBuildFile; fileRef = D50348151C9AA31900461D88 /* ViewController.m */; };
		D50348191C9AA31900461D88 /* Main.storyboard in Resources */ = {isa = PBXBuildFile; fileRef = D50348171C9AA31900461D88 /* Main.storyboard */; };
		D503481B1C9AA31900461D88 /* Assets.xcassets in Resources */ = {isa = PBXBuildFile; fileRef = D503481A1C9AA31900461D88 /* Assets.xcassets */; };
		D503481E1C9AA31900461D88 /* LaunchScreen.storyboard in Resources */ = {isa = PBXBuildFile; fileRef = D503481C1C9AA31900461D88 /* LaunchScreen.storyboard */; };
		D50348291C9AA31900461D88 /* _0160317003_Modal_NavigationControllerTests.m in Sources */ = {isa = PBXBuildFile; fileRef = D50348281C9AA31900461D88 /* _0160317003_Modal_NavigationControllerTests.m */; };
		D50348341C9AA31900461D88 /* _0160317003_Modal_NavigationControllerUITests.m in Sources */ = {isa = PBXBuildFile; fileRef = D50348331C9AA31900461D88 /* _0160317003_Modal_NavigationControllerUITests.m */; };
/* End PBXBuildFile section */

/* Begin PBXContainerItemProxy section */
		D50348251C9AA31900461D88 /* PBXContainerItemProxy */ = {
			isa = PBXContainerItemProxy;
			containerPortal = D50348031C9AA31800461D88 /* Project object */;
			proxyType = 1;
			remoteGlobalIDString = D503480A1C9AA31900461D88;
			remoteInfo = "20160317003-Modal-NavigationController";
		};
		D50348301C9AA31900461D88 /* PBXContainerItemProxy */ = {
			isa = PBXContainerItemProxy;
			containerPortal = D50348031C9AA31800461D88 /* Project object */;
			proxyType = 1;
			remoteGlobalIDString = D503480A1C9AA31900461D88;
			remoteInfo = "20160317003-Modal-NavigationController";
		};
/* End PBXContainerItemProxy section */

/* Begin PBXFileReference section */
		D503480B1C9AA31900461D88 /* 20160317003-Modal-NavigationController.app */ = {isa = PBXFileReference; explicitFileType = wrapper.application; includeInIndex = 0; path = "20160317003-Modal-NavigationController.app"; sourceTree = BUILT_PRODUCTS_DIR; };
		D503480F1C9AA31900461D88 /* main.m */ = {isa = PBXFileReference; lastKnownFileType = sourcecode.c.objc; path = main.m; sourceTree = "<group>"; };
		D50348111C9AA31900461D88 /* AppDelegate.h */ = {isa = PBXFileReference; lastKnownFileType = sourcecode.c.h; path = AppDelegate.h; sourceTree = "<group>"; };
		D50348121C9AA31900461D88 /* AppDelegate.m */ = {isa = PBXFileReference; lastKnownFileType = sourcecode.c.objc; path = AppDelegate.m; sourceTree = "<group>"; };
		D50348141C9AA31900461D88 /* ViewController.h */ = {isa = PBXFileReference; lastKnownFileType = sourcecode.c.h; path = ViewController.h; sourceTree = "<group>"; };
		D50348151C9AA31900461D88 /* ViewController.m */ = {isa = PBXFileReference; lastKnownFileType = sourcecode.c.objc; path = ViewController.m; sourceTree = "<group>"; };
		D50348181C9AA31900461D88 /* Base */ = {isa = PBXFileReference; lastKnownFileType = file.storyboard; name = Base; path = Base.lproj/Main.storyboard; sourceTree = "<group>"; };
		D503481A1C9AA31900461D88 /* Assets.xcassets */ = {isa = PBXFileReference; lastKnownFileType = folder.assetcatalog; path = Assets.xcassets; sourceTree = "<group>"; };
		D503481D1C9AA31900461D88 /* Base */ = {isa = PBXFileReference; lastKnownFileType = file.storyboard; name = Base; path = Base.lproj/LaunchScreen.storyboard; sourceTree = "<group>"; };
		D503481F1C9AA31900461D88 /* Info.plist */ = {isa = PBXFileReference; lastKnownFileType = text.plist.xml; path = Info.plist; sourceTree = "<group>"; };
		D50348241C9AA31900461D88 /* 20160317003-Modal-NavigationControllerTests.xctest */ = {isa = PBXFileReference; explicitFileType = wrapper.cfbundle; includeInIndex = 0; path = "20160317003-Modal-NavigationControllerTests.xctest"; sourceTree = BUILT_PRODUCTS_DIR; };
		D50348281C9AA31900461D88 /* _0160317003_Modal_NavigationControllerTests.m */ = {isa = PBXFileReference; lastKnownFileType = sourcecode.c.objc; path = _0160317003_Modal_NavigationControllerTests.m; sourceTree = "<group>"; };
		D503482A1C9AA31900461D88 /* Info.plist */ = {isa = PBXFileReference; lastKnownFileType = text.plist.xml; path = Info.plist; sourceTree = "<group>"; };
		D503482F1C9AA31900461D88 /* 20160317003-Modal-NavigationControllerUITests.xctest */ = {isa = PBXFileReference; explicitFileType = wrapper.cfbundle; includeInIndex = 0; path = "20160317003-Modal-NavigationControllerUITests.xctest"; sourceTree = BUILT_PRODUCTS_DIR; };
		D50348331C9AA31900461D88 /* _0160317003_Modal_NavigationControllerUITests.m */ = {isa = PBXFileReference; lastKnownFileType = sourcecode.c.objc; path = _0160317003_Modal_NavigationControllerUITests.m; sourceTree = "<group>"; };
		D50348351C9AA31900461D88 /* Info.plist */ = {isa = PBXFileReference; lastKnownFileType = text.plist.xml; path = Info.plist; sourceTree = "<group>"; };
/* End PBXFileReference section */

/* Begin PBXFrameworksBuildPhase section */
		D50348081C9AA31900461D88 /* Frameworks */ = {
			isa = PBXFrameworksBuildPhase;
			buildActionMask = 2147483647;
			files = (
			);
			runOnlyForDeploymentPostprocessing = 0;
		};
		D50348211C9AA31900461D88 /* Frameworks */ = {
			isa = PBXFrameworksBuildPhase;
			buildActionMask = 2147483647;
			files = (
			);
			runOnlyForDeploymentPostprocessing = 0;
		};
		D503482C1C9AA31900461D88 /* Frameworks */ = {
			isa = PBXFrameworksBuildPhase;
			buildActionMask = 2147483647;
			files = (
			);
			runOnlyForDeploymentPostprocessing = 0;
		};
/* End PBXFrameworksBuildPhase section */

/* Begin PBXGroup section */
		D50348021C9AA31800461D88 = {
			isa = PBXGroup;
			children = (
				D503480D1C9AA31900461D88 /* 20160317003-Modal-NavigationController */,
				D50348271C9AA31900461D88 /* 20160317003-Modal-NavigationControllerTests */,
				D50348321C9AA31900461D88 /* 20160317003-Modal-NavigationControllerUITests */,
				D503480C1C9AA31900461D88 /* Products */,
			);
			sourceTree = "<group>";
		};
		D503480C1C9AA31900461D88 /* Products */ = {
			isa = PBXGroup;
			children = (
				D503480B1C9AA31900461D88 /* 20160317003-Modal-NavigationController.app */,
				D50348241C9AA31900461D88 /* 20160317003-Modal-NavigationControllerTests.xctest */,
				D503482F1C9AA31900461D88 /* 20160317003-Modal-NavigationControllerUITests.xctest */,
			);
			name = Products;
			sourceTree = "<group>";
		};
		D503480D1C9AA31900461D88 /* 20160317003-Modal-NavigationController */ = {
			isa = PBXGroup;
			children = (
				D50348111C9AA31900461D88 /* AppDelegate.h */,
				D50348121C9AA31900461D88 /* AppDelegate.m */,
				D50348141C9AA31900461D88 /* ViewController.h */,
				D50348151C9AA31900461D88 /* ViewController.m */,
				D50348171C9AA31900461D88 /* Main.storyboard */,
				D503481A1C9AA31900461D88 /* Assets.xcassets */,
				D503481C1C9AA31900461D88 /* LaunchScreen.storyboard */,
				D503481F1C9AA31900461D88 /* Info.plist */,
				D503480E1C9AA31900461D88 /* Supporting Files */,
			);
			path = "20160317003-Modal-NavigationController";
			sourceTree = "<group>";
		};
		D503480E1C9AA31900461D88 /* Supporting Files */ = {
			isa = PBXGroup;
			children = (
				D503480F1C9AA31900461D88 /* main.m */,
			);
			name = "Supporting Files";
			sourceTree = "<group>";
		};
		D50348271C9AA31900461D88 /* 20160317003-Modal-NavigationControllerTests */ = {
			isa = PBXGroup;
			children = (
				D50348281C9AA31900461D88 /* _0160317003_Modal_NavigationControllerTests.m */,
				D503482A1C9AA31900461D88 /* Info.plist */,
			);
			path = "20160317003-Modal-NavigationControllerTests";
			sourceTree = "<group>";
		};
		D50348321C9AA31900461D88 /* 20160317003-Modal-NavigationControllerUITests */ = {
			isa = PBXGroup;
			children = (
				D50348331C9AA31900461D88 /* _0160317003_Modal_NavigationControllerUITests.m */,
				D50348351C9AA31900461D88 /* Info.plist */,
			);
			path = "20160317003-Modal-NavigationControllerUITests";
			sourceTree = "<group>";
		};
/* End PBXGroup section */

/* Begin PBXNativeTarget section */
		D503480A1C9AA31900461D88 /* 20160317003-Modal-NavigationController */ = {
			isa = PBXNativeTarget;
			buildConfigurationList = D50348381C9AA31900461D88 /* Build configuration list for PBXNativeTarget "20160317003-Modal-NavigationController" */;
			buildPhases = (
				D50348071C9AA31900461D88 /* Sources */,
				D50348081C9AA31900461D88 /* Frameworks */,
				D50348091C9AA31900461D88 /* Resources */,
			);
			buildRules = (
			);
			dependencies = (
			);
			name = "20160317003-Modal-NavigationController";
			productName = "20160317003-Modal-NavigationController";
			productReference = D503480B1C9AA31900461D88 /* 20160317003-Modal-NavigationController.app */;
			productType = "com.apple.product-type.application";
		};
		D50348231C9AA31900461D88 /* 20160317003-Modal-NavigationControllerTests */ = {
			isa = PBXNativeTarget;
			buildConfigurationList = D503483B1C9AA31900461D88 /* Build configuration list for PBXNativeTarget "20160317003-Modal-NavigationControllerTests" */;
			buildPhases = (
				D50348201C9AA31900461D88 /* Sources */,
				D50348211C9AA31900461D88 /* Frameworks */,
				D50348221C9AA31900461D88 /* Resources */,
			);
			buildRules = (
			);
			dependencies = (
				D50348261C9AA31900461D88 /* PBXTargetDependency */,
			);
			name = "20160317003-Modal-NavigationControllerTests";
			productName = "20160317003-Modal-NavigationControllerTests";
			productReference = D50348241C9AA31900461D88 /* 20160317003-Modal-NavigationControllerTests.xctest */;
			productType = "com.apple.product-type.bundle.unit-test";
		};
		D503482E1C9AA31900461D88 /* 20160317003-Modal-NavigationControllerUITests */ = {
			isa = PBXNativeTarget;
			buildConfigurationList = D503483E1C9AA31900461D88 /* Build configuration list for PBXNativeTarget "20160317003-Modal-NavigationControllerUITests" */;
			buildPhases = (
				D503482B1C9AA31900461D88 /* Sources */,
				D503482C1C9AA31900461D88 /* Frameworks */,
				D503482D1C9AA31900461D88 /* Resources */,
			);
			buildRules = (
			);
			dependencies = (
				D50348311C9AA31900461D88 /* PBXTargetDependency */,
			);
			name = "20160317003-Modal-NavigationControllerUITests";
			productName = "20160317003-Modal-NavigationControllerUITests";
			productReference = D503482F1C9AA31900461D88 /* 20160317003-Modal-NavigationControllerUITests.xctest */;
			productType = "com.apple.product-type.bundle.ui-testing";
		};
/* End PBXNativeTarget section */

/* Begin PBXProject section */
		D50348031C9AA31800461D88 /* Project object */ = {
			isa = PBXProject;
			attributes = {
				LastUpgradeCheck = 0720;
				ORGANIZATIONNAME = Rainer;
				TargetAttributes = {
					D503480A1C9AA31900461D88 = {
						CreatedOnToolsVersion = 7.2.1;
					};
					D50348231C9AA31900461D88 = {
						CreatedOnToolsVersion = 7.2.1;
						TestTargetID = D503480A1C9AA31900461D88;
					};
					D503482E1C9AA31900461D88 = {
						CreatedOnToolsVersion = 7.2.1;
						TestTargetID = D503480A1C9AA31900461D88;
					};
				};
			};
			buildConfigurationList = D50348061C9AA31800461D88 /* Build configuration list for PBXProject "20160317003-Modal-NavigationController" */;
			compatibilityVersion = "Xcode 3.2";
			developmentRegion = English;
			hasScannedForEncodings = 0;
			knownRegions = (
				en,
				Base,
			);
			mainGroup = D50348021C9AA31800461D88;
			productRefGroup = D503480C1C9AA31900461D88 /* Products */;
			projectDirPath = "";
			projectRoot = "";
			targets = (
				D503480A1C9AA31900461D88 /* 20160317003-Modal-NavigationController */,
				D50348231C9AA31900461D88 /* 20160317003-Modal-NavigationControllerTests */,
				D503482E1C9AA31900461D88 /* 20160317003-Modal-NavigationControllerUITests */,
			);
		};
/* End PBXProject section */

/* Begin PBXResourcesBuildPhase section */
		D50348091C9AA31900461D88 /* Resources */ = {
			isa = PBXResourcesBuildPhase;
			buildActionMask = 2147483647;
			files = (
				D503481E1C9AA31900461D88 /* LaunchScreen.storyboard in Resources */,
				D503481B1C9AA31900461D88 /* Assets.xcassets in Resources */,
				D50348191C9AA31900461D88 /* Main.storyboard in Resources */,
			);
			runOnlyForDeploymentPostprocessing = 0;
		};
		D50348221C9AA31900461D88 /* Resources */ = {
			isa = PBXResourcesBuildPhase;
			buildActionMask = 2147483647;
			files = (
			);
			runOnlyForDeploymentPostprocessing = 0;
		};
		D503482D1C9AA31900461D88 /* Resources */ = {
			isa = PBXResourcesBuildPhase;
			buildActionMask = 2147483647;
			files = (
			);
			runOnlyForDeploymentPostprocessing = 0;
		};
/* End PBXResourcesBuildPhase section */

/* Begin PBXSourcesBuildPhase section */
		D50348071C9AA31900461D88 /* Sources */ = {
			isa = PBXSourcesBuildPhase;
			buildActionMask = 2147483647;
			files = (
				D50348161C9AA31900461D88 /* ViewController.m in Sources */,
				D50348131C9AA31900461D88 /* AppDelegate.m in Sources */,
				D50348101C9AA31900461D88 /* main.m in Sources */,
			);
			runOnlyForDeploymentPostprocessing = 0;
		};
		D50348201C9AA31900461D88 /* Sources */ = {
			isa = PBXSourcesBuildPhase;
			buildActionMask = 2147483647;
			files = (
				D50348291C9AA31900461D88 /* _0160317003_Modal_NavigationControllerTests.m in Sources */,
			);
			runOnlyForDeploymentPostprocessing = 0;
		};
		D503482B1C9AA31900461D88 /* Sources */ = {
			isa = PBXSourcesBuildPhase;
			buildActionMask = 2147483647;
			files = (
				D50348341C9AA31900461D88 /* _0160317003_Modal_NavigationControllerUITests.m in Sources */,
			);
			runOnlyForDeploymentPostprocessing = 0;
		};
/* End PBXSourcesBuildPhase section */

/* Begin PBXTargetDependency section */
		D50348261C9AA31900461D88 /* PBXTargetDependency */ = {
			isa = PBXTargetDependency;
			target = D503480A1C9AA31900461D88 /* 20160317003-Modal-NavigationController */;
			targetProxy = D50348251C9AA31900461D88 /* PBXContainerItemProxy */;
		};
		D50348311C9AA31900461D88 /* PBXTargetDependency */ = {
			isa = PBXTargetDependency;
			target = D503480A1C9AA31900461D88 /* 20160317003-Modal-NavigationController */;
			targetProxy = D50348301C9AA31900461D88 /* PBXContainerItemProxy */;
		};
/* End PBXTargetDependency section */

/* Begin PBXVariantGroup section */
		D50348171C9AA31900461D88 /* Main.storyboard */ = {
			isa = PBXVariantGroup;
			children = (
				D50348181C9AA31900461D88 /* Base */,
			);
			name = Main.storyboard;
			sourceTree = "<group>";
		};
		D503481C1C9AA31900461D88 /* LaunchScreen.storyboard */ = {
			isa = PBXVariantGroup;
			children = (
				D503481D1C9AA31900461D88 /* Base */,
			);
			name = LaunchScreen.storyboard;
			sourceTree = "<group>";
		};
/* End PBXVariantGroup section */

/* Begin XCBuildConfiguration section */
		D50348361C9AA31900461D88 /* Debug */ = {
			isa = XCBuildConfiguration;
			buildSettings = {
				ALWAYS_SEARCH_USER_PATHS = NO;
				CLANG_CXX_LANGUAGE_STANDARD = "gnu++0x";
				CLANG_CXX_LIBRARY = "libc++";
				CLANG_ENABLE_MODULES = YES;
				CLANG_ENABLE_OBJC_ARC = YES;
				CLANG_WARN_BOOL_CONVERSION = YES;
				CLANG_WARN_CONSTANT_CONVERSION = YES;
				CLANG_WARN_DIRECT_OBJC_ISA_USAGE = YES_ERROR;
				CLANG_WARN_EMPTY_BODY = YES;
				CLANG_WARN_ENUM_CONVERSION = YES;
				CLANG_WARN_INT_CONVERSION = YES;
				CLANG_WARN_OBJC_ROOT_CLASS = YES_ERROR;
				CLANG_WARN_UNREACHABLE_CODE = YES;
				CLANG_WARN__DUPLICATE_METHOD_MATCH = YES;
				"CODE_SIGN_IDENTITY[sdk=iphoneos*]" = "iPhone Developer";
				COPY_PHASE_STRIP = NO;
				DEBUG_INFORMATION_FORMAT = dwarf;
				ENABLE_STRICT_OBJC_MSGSEND = YES;
				ENABLE_TESTABILITY = YES;
				GCC_C_LANGUAGE_STANDARD = gnu99;
				GCC_DYNAMIC_NO_PIC = NO;
				GCC_NO_COMMON_BLOCKS = YES;
				GCC_OPTIMIZATION_LEVEL = 0;
				GCC_PREPROCESSOR_DEFINITIONS = (
					"DEBUG=1",
					"$(inherited)",
				);
				GCC_WARN_64_TO_32_BIT_CONVERSION = YES;
				GCC_WARN_ABOUT_RETURN_TYPE = YES_ERROR;
				GCC_WARN_UNDECLARED_SELECTOR = YES;
				GCC_WARN_UNINITIALIZED_AUTOS = YES_AGGRESSIVE;
				GCC_WARN_UNUSED_FUNCTION = YES;
				GCC_WARN_UNUSED_VARIABLE = YES;
				IPHONEOS_DEPLOYMENT_TARGET = 9.2;
				MTL_ENABLE_DEBUG_INFO = YES;
				ONLY_ACTIVE_ARCH = YES;
				SDKROOT = iphoneos;
			};
			name = Debug;
		};
		D50348371C9AA31900461D88 /* Release */ = {
			isa = XCBuildConfiguration;
			buildSettings = {
				ALWAYS_SEARCH_USER_PATHS = NO;
				CLANG_CXX_LANGUAGE_STANDARD = "gnu++0x";
				CLANG_CXX_LIBRARY = "libc++";
				CLANG_ENABLE_MODULES = YES;
				CLANG_ENABLE_OBJC_ARC = YES;
				CLANG_WARN_BOOL_CONVERSION = YES;
				CLANG_WARN_CONSTANT_CONVERSION = YES;
				CLANG_WARN_DIRECT_OBJC_ISA_USAGE = YES_ERROR;
				CLANG_WARN_EMPTY_BODY = YES;
				CLANG_WARN_ENUM_CONVERSION = YES;
				CLANG_WARN_INT_CONVERSION = YES;
				CLANG_WARN_OBJC_ROOT_CLASS = YES_ERROR;
				CLANG_WARN_UNREACHABLE_CODE = YES;
				CLANG_WARN__DUPLICATE_METHOD_MATCH = YES;
				"CODE_SIGN_IDENTITY[sdk=iphoneos*]" = "iPhone Developer";
				COPY_PHASE_STRIP = NO;
				DEBUG_INFORMATION_FORMAT = "dwarf-with-dsym";
				ENABLE_NS_ASSERTIONS = NO;
				ENABLE_STRICT_OBJC_MSGSEND = YES;
				GCC_C_LANGUAGE_STANDARD = gnu99;
				GCC_NO_COMMON_BLOCKS = YES;
				GCC_WARN_64_TO_32_BIT_CONVERSION = YES;
				GCC_WARN_ABOUT_RETURN_TYPE = YES_ERROR;
				GCC_WARN_UNDECLARED_SELECTOR = YES;
				GCC_WARN_UNINITIALIZED_AUTOS = YES_AGGRESSIVE;
				GCC_WARN_UNUSED_FUNCTION = YES;
				GCC_WARN_UNUSED_VARIABLE = YES;
				IPHONEOS_DEPLOYMENT_TARGET = 9.2;
				MTL_ENABLE_DEBUG_INFO = NO;
				SDKROOT = iphoneos;
				VALIDATE_PRODUCT = YES;
			};
			name = Release;
		};
		D50348391C9AA31900461D88 /* Debug */ = {
			isa = XCBuildConfiguration;
			buildSettings = {
				ASSETCATALOG_COMPILER_APPICON_NAME = AppIcon;
				INFOPLIST_FILE = "20160317003-Modal-NavigationController/Info.plist";
				LD_RUNPATH_SEARCH_PATHS = "$(inherited) @executable_path/Frameworks";
				PRODUCT_BUNDLE_IDENTIFIER = "com.rainer.-0160317003-Modal-NavigationController";
				PRODUCT_NAME = "$(TARGET_NAME)";
			};
			name = Debug;
		};
		D503483A1C9AA31900461D88 /* Release */ = {
			isa = XCBuildConfiguration;
			buildSettings = {
				ASSETCATALOG_COMPILER_APPICON_NAME = AppIcon;
				INFOPLIST_FILE = "20160317003-Modal-NavigationController/Info.plist";
				LD_RUNPATH_SEARCH_PATHS = "$(inherited) @executable_path/Frameworks";
				PRODUCT_BUNDLE_IDENTIFIER = "com.rainer.-0160317003-Modal-NavigationController";
				PRODUCT_NAME = "$(TARGET_NAME)";
			};
			name = Release;
		};
		D503483C1C9AA31900461D88 /* Debug */ = {
			isa = XCBuildConfiguration;
			buildSettings = {
				BUNDLE_LOADER = "$(TEST_HOST)";
				INFOPLIST_FILE = "20160317003-Modal-NavigationControllerTests/Info.plist";
				LD_RUNPATH_SEARCH_PATHS = "$(inherited) @executable_path/Frameworks @loader_path/Frameworks";
				PRODUCT_BUNDLE_IDENTIFIER = "com.rainer.-0160317003-Modal-NavigationControllerTests";
				PRODUCT_NAME = "$(TARGET_NAME)";
				TEST_HOST = "$(BUILT_PRODUCTS_DIR)/20160317003-Modal-NavigationController.app/20160317003-Modal-NavigationController";
			};
			name = Debug;
		};
		D503483D1C9AA31900461D88 /* Release */ = {
			isa = XCBuildConfiguration;
			buildSettings = {
				BUNDLE_LOADER = "$(TEST_HOST)";
				INFOPLIST_FILE = "20160317003-Modal-NavigationControllerTests/Info.plist";
				LD_RUNPATH_SEARCH_PATHS = "$(inherited) @executable_path/Frameworks @loader_path/Frameworks";
				PRODUCT_BUNDLE_IDENTIFIER = "com.rainer.-0160317003-Modal-NavigationControllerTests";
				PRODUCT_NAME = "$(TARGET_NAME)";
				TEST_HOST = "$(BUILT_PRODUCTS_DIR)/20160317003-Modal-NavigationController.app/20160317003-Modal-NavigationController";
			};
			name = Release;
		};
		D503483F1C9AA31900461D88 /* Debug */ = {
			isa = XCBuildConfiguration;
			buildSettings = {
				INFOPLIST_FILE = "20160317003-Modal-NavigationControllerUITests/Info.plist";
				LD_RUNPATH_SEARCH_PATHS = "$(inherited) @executable_path/Frameworks @loader_path/Frameworks";
				PRODUCT_BUNDLE_IDENTIFIER = "com.rainer.-0160317003-Modal-NavigationControllerUITests";
				PRODUCT_NAME = "$(TARGET_NAME)";
				TEST_TARGET_NAME = "20160317003-Modal-NavigationController";
				USES_XCTRUNNER = YES;
			};
			name = Debug;
		};
		D50348401C9AA31900461D88 /* Release */ = {
			isa = XCBuildConfiguration;
			buildSettings = {
				INFOPLIST_FILE = "20160317003-Modal-NavigationControllerUITests/Info.plist";
				LD_RUNPATH_SEARCH_PATHS = "$(inherited) @executable_path/Frameworks @loader_path/Frameworks";
				PRODUCT_BUNDLE_IDENTIFIER = "com.rainer.-0160317003-Modal-NavigationControllerUITests";
				PRODUCT_NAME = "$(TARGET_NAME)";
				TEST_TARGET_NAME = "20160317003-Modal-NavigationController";
				USES_XCTRUNNER = YES;
			};
			name = Release;
		};
/* End XCBuildConfiguration section */

/* Begin XCConfigurationList section */
		D50348061C9AA31800461D88 /* Build configuration list for PBXProject "20160317003-Modal-NavigationController" */ = {
			isa = XCConfigurationList;
			buildConfigurations = (
				D50348361C9AA31900461D88 /* Debug */,
				D50348371C9AA31900461D88 /* Release */,
			);
			defaultConfigurationIsVisible = 0;
			defaultConfigurationName = Release;
		};
		D50348381C9AA31900461D88 /* Build configuration list for PBXNativeTarget "20160317003-Modal-NavigationController" */ = {
			isa = XCConfigurationList;
			buildConfigurations = (
				D50348391C9AA31900461D88 /* Debug */,
				D503483A1C9AA31900461D88 /* Release */,
			);
			defaultConfigurationIsVisible = 0;
		};
		D503483B1C9AA31900461D88 /* Build configuration list for PBXNativeTarget "20160317003-Modal-NavigationControllerTests" */ = {
			isa = XCConfigurationList;
			buildConfigurations = (
				D503483C1C9AA31900461D88 /* Debug */,
				D503483D1C9AA31900461D88 /* Release */,
			);
			defaultConfigurationIsVisible = 0;
		};
		D503483E1C9AA31900461D88 /* Build configuration list for PBXNativeTarget "20160317003-Modal-NavigationControllerUITests" */ = {
			isa = XCConfigurationList;
			buildConfigurations = (
				D503483F1C9AA31900461D88 /* Debug */,
				D50348401C9AA31900461D88 /* Release */,
			);
			defaultConfigurationIsVisible = 0;
		};
/* End XCConfigurationList section */
	};
	rootObject = D50348031C9AA31800461D88 /* Project object */;
}
